	<Project xmlns="http://schemas.microsoft.com/developer/msbuild/2003">
		<PropertyGroup>
			<ProjectGuid>{4A7837B4-259C-4950-BEC9-BE8D00EB5AB2}</ProjectGuid>
			<MainSource>ETH.DPR</MainSource>
			<Config Condition="'$(Config)'==''">Release</Config>
			<DCC_DCCCompiler>DCC32</DCC_DCCCompiler>
			<ProjectVersion>13.4</ProjectVersion>
			<FrameworkType>VCL</FrameworkType>
			<Base>True</Base>
			<Platform Condition="'$(Platform)'==''">Win32</Platform>
			<TargetedPlatforms>1</TargetedPlatforms>
			<AppType>Application</AppType>
		</PropertyGroup>
		<PropertyGroup Condition="'$(Config)'=='Base' or '$(Base)'!=''">
			<Base>true</Base>
		</PropertyGroup>
		<PropertyGroup Condition="('$(Platform)'=='Win64' and '$(Base)'=='true') or '$(Base_Win64)'!=''">
			<Base_Win64>true</Base_Win64>
			<CfgParent>Base</CfgParent>
			<Base>true</Base>
		</PropertyGroup>
		<PropertyGroup Condition="('$(Platform)'=='Win32' and '$(Base)'=='true') or '$(Base_Win32)'!=''">
			<Base_Win32>true</Base_Win32>
			<CfgParent>Base</CfgParent>
			<Base>true</Base>
		</PropertyGroup>
		<PropertyGroup Condition="'$(Config)'=='Release' or '$(Cfg_1)'!=''">
			<Cfg_1>true</Cfg_1>
			<CfgParent>Base</CfgParent>
			<Base>true</Base>
		</PropertyGroup>
		<PropertyGroup Condition="('$(Platform)'=='Win32' and '$(Cfg_1)'=='true') or '$(Cfg_1_Win32)'!=''">
			<Cfg_1_Win32>true</Cfg_1_Win32>
			<CfgParent>Cfg_1</CfgParent>
			<Cfg_1>true</Cfg_1>
			<Base>true</Base>
		</PropertyGroup>
		<PropertyGroup Condition="'$(Config)'=='Debug' or '$(Cfg_2)'!=''">
			<Cfg_2>true</Cfg_2>
			<CfgParent>Base</CfgParent>
			<Base>true</Base>
		</PropertyGroup>
		<PropertyGroup Condition="('$(Platform)'=='Win32' and '$(Cfg_2)'=='true') or '$(Cfg_2_Win32)'!=''">
			<Cfg_2_Win32>true</Cfg_2_Win32>
			<CfgParent>Cfg_2</CfgParent>
			<Cfg_2>true</Cfg_2>
			<Base>true</Base>
		</PropertyGroup>
		<PropertyGroup Condition="'$(Base)'!=''">
			<Icon_MainIcon>ETH_Icon.ico</Icon_MainIcon>
			<Manifest_File>None</Manifest_File>
			<VerInfo_Build>13</VerInfo_Build>
			<VerInfo_Keys>CompanyName=&quot;VovaN&quot; Company;FileDescription=;FileVersion=1.0.0.13;InternalName=ETH;LegalCopyright=;LegalTrademarks=;OriginalFilename=ETH.exe;ProductName=Easy Text Hooker;ProductVersion=1.0.0.0;Comments=</VerInfo_Keys>
			<VerInfo_AutoGenVersion>true</VerInfo_AutoGenVersion>
			<DCC_Namespace>Vcl;Vcl.Imaging;Vcl.Touch;Vcl.Samples;Vcl.Shell;System;Xml;Data;Datasnap;Web;Soap;Winapi;System.Win;$(DCC_Namespace)</DCC_Namespace>
			<VerInfo_IncludeVerInfo>true</VerInfo_IncludeVerInfo>
			<VerInfo_Locale>1049</VerInfo_Locale>
			<DCC_OutputDRCFile>true</DCC_OutputDRCFile>
			<DCC_DependencyCheckOutputName>..\bin\ETH.exe</DCC_DependencyCheckOutputName>
			<DCC_ImageBase>00400000</DCC_ImageBase>
			<DCC_UsePackage>vcl;rtl;vclx;indy;inet;xmlrtl;vclie;inetdbbde;inetdbxpress;dbrtl;dsnap;dsnapcon;vcldb;soaprtl;VclSmp;dbexpress;dbxcds;inetdb;bdertl;vcldbx;webdsnap;websnap;adortl;ibxpress;teeui;teedb;tee;dss;visualclx;visualdbclx;vclactnband;vclshlctrls;IntrawebDB_50_70;Intraweb_50_70;Rave50CLX;Rave50VCL;dclOfficeXP;$(DCC_UsePackage)</DCC_UsePackage>
			<DCC_Platform>x86</DCC_Platform>
			<DCC_ExeOutput>..\bin\</DCC_ExeOutput>
			<DCC_K>false</DCC_K>
			<DCC_N>true</DCC_N>
			<DCC_S>false</DCC_S>
			<DCC_SymbolReferenceInfo>1</DCC_SymbolReferenceInfo>
			<DCC_E>false</DCC_E>
			<DCC_F>false</DCC_F>
		</PropertyGroup>
		<PropertyGroup Condition="'$(Base_Win64)'!=''">
			<Icon_MainIcon>ETH_Icon.ico</Icon_MainIcon>
		</PropertyGroup>
		<PropertyGroup Condition="'$(Base_Win32)'!=''">
			<VerInfo_IncludeVerInfo>true</VerInfo_IncludeVerInfo>
			<Icon_MainIcon>ETH_Icon.ico</Icon_MainIcon>
			<DCC_Namespace>Data.Win;Datasnap.Win;Web.Win;Soap.Win;Xml.Win;Bde;$(DCC_Namespace)</DCC_Namespace>
			<VerInfo_Locale>1033</VerInfo_Locale>
			<Manifest_File>$(BDS)\bin\default_app.manifest</Manifest_File>
			<VerInfo_Keys>CompanyName=;FileDescription=;FileVersion=1.0.0.0;InternalName=;LegalCopyright=;LegalTrademarks=;OriginalFilename=;ProductName=;ProductVersion=1.0.0.0;Comments=</VerInfo_Keys>
		</PropertyGroup>
		<PropertyGroup Condition="'$(Cfg_1)'!=''">
			<DCC_OutputDRCFile>false</DCC_OutputDRCFile>
			<DCC_Inlining>off</DCC_Inlining>
			<DCC_LocalDebugSymbols>false</DCC_LocalDebugSymbols>
			<DCC_Define>RELEASE;$(DCC_Define)</DCC_Define>
			<DCC_SymbolReferenceInfo>0</DCC_SymbolReferenceInfo>
			<DCC_DebugInformation>false</DCC_DebugInformation>
		</PropertyGroup>
		<PropertyGroup Condition="'$(Cfg_1_Win32)'!=''">
			<VerInfo_Keys>CompanyName=;FileDescription=AGTH-based text hooker with osd &amp; online translator ;FileVersion=1.0.0.13;InternalName=;LegalCopyright=Tsukihime;LegalTrademarks=;OriginalFilename=ETH.exe;ProductName=Easy-Text-Hooker;ProductVersion=1.0.0.0;Comments=</VerInfo_Keys>
			<Manifest_File>$(BDS)\bin\default_app.manifest</Manifest_File>
			<VerInfo_Locale>1033</VerInfo_Locale>
		</PropertyGroup>
		<PropertyGroup Condition="'$(Cfg_2)'!=''">
			<DCC_RemoteDebug>true</DCC_RemoteDebug>
			<DCC_MapFile>3</DCC_MapFile>
			<DCC_SymbolReferenceInfo>2</DCC_SymbolReferenceInfo>
			<DCC_GenerateStackFrames>true</DCC_GenerateStackFrames>
			<DCC_Define>DEBUG;$(DCC_Define)</DCC_Define>
		</PropertyGroup>
		<PropertyGroup Condition="'$(Cfg_2_Win32)'!=''">
			<Manifest_File>$(BDS)\bin\default_app.manifest</Manifest_File>
			<DCC_Optimize>false</DCC_Optimize>
			<DCC_DebugInfoInTds>true</DCC_DebugInfoInTds>
			<VerInfo_Keys>CompanyName=;FileDescription=;FileVersion=1.0.0.13;InternalName=;LegalCopyright=;LegalTrademarks=;OriginalFilename=;ProductName=;ProductVersion=1.0.0.0;Comments=</VerInfo_Keys>
			<VerInfo_Locale>1033</VerInfo_Locale>
		</PropertyGroup>
		<ItemGroup>
			<DelphiCompile Include="$(MainSource)">
				<MainSource>MainSource</MainSource>
			</DelphiCompile>
			<DCCReference Include="src\Main.pas">
				<Form>MainForm</Form>
			</DCCReference>
			<DCCReference Include="src\OSD.pas">
				<Form>OSDForm</Form>
			</DCCReference>
			<DCCReference Include="src\GoogleTranslate.pas"/>
			<DCCReference Include="src\AGTHServer.pas"/>
			<DCCReference Include="src\PipeServer.pas"/>
			<DCCReference Include="src\Inject.pas"/>
			<DCCReference Include="src\Pipe.pas"/>
			<DCCReference Include="src\AGTHConst.pas"/>
			<DCCReference Include="src\uSettings.pas"/>
			<DCCReference Include="src\jsCore.pas"/>
			<DCCReference Include="src\jsHighlighter.pas"/>
			<DCCReference Include="src\TextStream.pas"/>
			<DCCReference Include="src\Translator.pas"/>
			<DCCReference Include="src\YandexTranslate.pas"/>
			<BuildConfiguration Include="Debug">
				<Key>Cfg_2</Key>
				<CfgParent>Base</CfgParent>
			</BuildConfiguration>
			<BuildConfiguration Include="Base">
				<Key>Base</Key>
			</BuildConfiguration>
			<BuildConfiguration Include="Release">
				<Key>Cfg_1</Key>
				<CfgParent>Base</CfgParent>
			</BuildConfiguration>
		</ItemGroup>
		<Import Condition="Exists('$(BDS)\Bin\CodeGear.Delphi.Targets')" Project="$(BDS)\Bin\CodeGear.Delphi.Targets"/>
		<ProjectExtensions>
			<Borland.Personality>Delphi.Personality.12</Borland.Personality>
			<Borland.ProjectType>VCLApplication</Borland.ProjectType>
			<BorlandProject>
				<Delphi.Personality>
					<Source>
						<Source Name="MainSource">ETH.DPR</Source>
					</Source>
					<Parameters>
						<Parameters Name="UseLauncher">False</Parameters>
						<Parameters Name="LoadAllSymbols">True</Parameters>
						<Parameters Name="LoadUnspecifiedSymbols">False</Parameters>
					</Parameters>
					<VersionInfo>
						<VersionInfo Name="IncludeVerInfo">True</VersionInfo>
						<VersionInfo Name="AutoIncBuild">True</VersionInfo>
						<VersionInfo Name="MajorVer">1</VersionInfo>
						<VersionInfo Name="MinorVer">0</VersionInfo>
						<VersionInfo Name="Release">0</VersionInfo>
						<VersionInfo Name="Build">148</VersionInfo>
						<VersionInfo Name="Debug">False</VersionInfo>
						<VersionInfo Name="PreRelease">False</VersionInfo>
						<VersionInfo Name="Special">False</VersionInfo>
						<VersionInfo Name="Private">False</VersionInfo>
						<VersionInfo Name="DLL">False</VersionInfo>
						<VersionInfo Name="Locale">1049</VersionInfo>
						<VersionInfo Name="CodePage">1251</VersionInfo>
					</VersionInfo>
					<VersionInfoKeys>
						<VersionInfoKeys Name="CompanyName">&quot;VovaN&quot; Company</VersionInfoKeys>
						<VersionInfoKeys Name="FileDescription"/>
						<VersionInfoKeys Name="FileVersion">1.0.0.148</VersionInfoKeys>
						<VersionInfoKeys Name="InternalName">ETH</VersionInfoKeys>
						<VersionInfoKeys Name="LegalCopyright"/>
						<VersionInfoKeys Name="LegalTrademarks"/>
						<VersionInfoKeys Name="OriginalFilename">ETH.exe</VersionInfoKeys>
						<VersionInfoKeys Name="ProductName">Easy Text Hooker</VersionInfoKeys>
						<VersionInfoKeys Name="ProductVersion">1.0.0.0</VersionInfoKeys>
						<VersionInfoKeys Name="Comments"/>
					</VersionInfoKeys>
					<Excluded_Packages>
						<Excluded_Packages Name="$(BDSBIN)\dclbindcompfmx160.bpl">Embarcadero LiveBindings Components FireMonkey</Excluded_Packages>
						<Excluded_Packages Name="$(BDSBIN)\dcloffice2k160.bpl">Microsoft Office 2000 Sample Automation Server Wrapper Components</Excluded_Packages>
						<Excluded_Packages Name="$(BDSBIN)\dclofficexp160.bpl">Microsoft Office XP Sample Automation Server Wrapper Components</Excluded_Packages>
					</Excluded_Packages>
					<Language>
						<Language Name="ProjectLang">$00000419</Language>
					</Language>
					<Resource_DLL_Projects>
						<Resource_DLL_Projects Name="Item0">Английский (США)*$00000409*ENU*ENU</Resource_DLL_Projects>
						<Resource_DLL_Projects Name="Item1">Русский (Россия)*$00000419*RUS*RUS</Resource_DLL_Projects>
						<Resource_DLL_Projects Name="Item2">Английский (Великобритания)*$00000809*ENG*ENG</Resource_DLL_Projects>
					</Resource_DLL_Projects>
					<RDP_Source_Files>
						<RDP_Source_Files Name="Item0">src\Main.dfm</RDP_Source_Files>
						<RDP_Source_Files Name="Item1">ETH.drc</RDP_Source_Files>
					</RDP_Source_Files>
				</Delphi.Personality>
				<ModelSupport>False</ModelSupport>
				<Platforms>
					<Platform value="Win64">False</Platform>
					<Platform value="Win32">True</Platform>
				</Platforms>
				<Deployment>
					<DeployFile Class="DebugSymbols" Configuration="Debug" LocalName="..\bin\ETH.rsm">
						<Platform Name="Win32">
							<RemoteName>ETH.rsm</RemoteName>
						</Platform>
					</DeployFile>
					<DeployFile Class="ProjectOutput" Configuration="Debug" LocalName="..\bin\ETH.exe">
						<Platform Name="Win32"/>
					</DeployFile>
					<DeployClass Name="ProjectOutput" Required="true">
						<Platform Name="OSX32">
							<Operation>1</Operation>
						</Platform>
						<Platform Name="Win32">
							<Operation>0</Operation>
						</Platform>
					</DeployClass>
					<DeployClass Name="DependencyPackage" Required="true">
						<Platform Name="OSX32">
							<Operation>1</Operation>
							<Extensions>.dylib</Extensions>
						</Platform>
						<Platform Name="Win32">
							<Operation>0</Operation>
							<Extensions>.bpl</Extensions>
						</Platform>
					</DeployClass>
					<DeployClass Name="DependencyModule">
						<Platform Name="OSX32">
							<Operation>1</Operation>
							<Extensions>.dylib</Extensions>
						</Platform>
						<Platform Name="Win32">
							<Operation>0</Operation>
							<Extensions>.dll;.bpl</Extensions>
						</Platform>
					</DeployClass>
					<DeployClass Name="ProjectOSXInfoPList"/>
					<DeployClass Name="File">
						<Platform Name="OSX32">
							<Operation>0</Operation>
						</Platform>
						<Platform Name="Win32">
							<Operation>0</Operation>
						</Platform>
					</DeployClass>
					<DeployClass Name="DebugSymbols">
						<Platform Name="OSX32">
							<Operation>1</Operation>
						</Platform>
						<Platform Name="Win32">
							<Operation>0</Operation>
						</Platform>
					</DeployClass>
					<DeployClass Name="DependencyFramework">
						<Platform Name="OSX32">
							<Operation>1</Operation>
							<Extensions>.framework</Extensions>
						</Platform>
						<Platform Name="Win32">
							<Operation>0</Operation>
						</Platform>
					</DeployClass>
					<DeployClass Name="AdditionalDebugSymbols">
						<Platform Name="OSX32">
							<Operation>1</Operation>
						</Platform>
						<Platform Name="Win32">
							<Operation>0</Operation>
						</Platform>
					</DeployClass>
					<DeployClass Name="ProjectOSXResource">
						<Platform Name="OSX32">
							<RemoteDir>Contents\Resources</RemoteDir>
							<Operation>1</Operation>
						</Platform>
					</DeployClass>
					<ProjectRoot Name="$(PROJECTNAME)" Platform="OSX32"/>
					<ProjectRoot Name="$(PROJECTNAME)" Platform="Win64"/>
					<ProjectRoot Name="$(PROJECTNAME)" Platform="Win32"/>
				</Deployment>
			</BorlandProject>
			<ProjectFileVersion>12</ProjectFileVersion>
		</ProjectExtensions>
		<Import Condition="Exists('$(APPDATA)\Embarcadero\$(BDSAPPDATABASEDIR)\$(PRODUCTVERSION)\UserTools.proj')" Project="$(APPDATA)\Embarcadero\$(BDSAPPDATABASEDIR)\$(PRODUCTVERSION)\UserTools.proj"/>
		<Import Condition="Exists('$(MSBuildProjectName).deployproj')" Project="$(MSBuildProjectName).deployproj"/>
	</Project>
